
Microsoft Visual Studio Solution File, Format Version 12.00
# Visual Studio 14
VisualStudioVersion = 14.0.23107.0
MinimumVisualStudioVersion = 10.0.40219.1
Project("{FAE04EC0-301F-11D3-BF4B-00C04F79EFBC}") = "GangManager", "IntroToUnitTesting\GangManager.csproj", "{5592FF5F-8BD9-4B2F-84EC-2F673512D6D9}"
EndProject
Project("{FAE04EC0-301F-11D3-BF4B-00C04F79EFBC}") = "UnitTestGangManagerDataLayer", "UnitTestGangManagerDataLayer\UnitTestGangManagerDataLayer.csproj", "{11D74F0D-FEAC-4D59-9761-B82CF16ACFAC}"
EndProject
Global
	GlobalSection(SolutionConfigurationPlatforms) = preSolution
		Debug|Any CPU = Debug|Any CPU
		Release|Any CPU = Release|Any CPU
	EndGlobalSection
	GlobalSection(ProjectConfigurationPlatforms) = postSolution
		{5592FF5F-8BD9-4B2F-84EC-2F673512D6D9}.Debug|Any CPU.ActiveCfg = Debug|Any CPU
		{5592FF5F-8BD9-4B2F-84EC-2F673512D6D9}.Debug|Any CPU.Build.0 = Debug|Any CPU
		{5592FF5F-8BD9-4B2F-84EC-2F673512D6D9}.Release|Any CPU.ActiveCfg = Release|Any CPU
		{5592FF5F-8BD9-4B2F-84EC-2F673512D6D9}.Release|Any CPU.Build.0 = Release|Any CPU
		{11D74F0D-FEAC-4D59-9761-B82CF16ACFAC}.Debug|Any CPU.ActiveCfg = Debug|Any CPU
		{11D74F0D-FEAC-4D59-9761-B82CF16ACFAC}.Debug|Any CPU.Build.0 = Debug|Any CPU
		{11D74F0D-FEAC-4D59-9761-B82CF16ACFAC}.Release|Any CPU.ActiveCfg = Release|Any CPU
		{11D74F0D-FEAC-4D59-9761-B82CF16ACFAC}.Release|Any CPU.Build.0 = Release|Any CPU
	EndGlobalSection
	GlobalSection(SolutionProperties) = preSolution
		HideSolutionNode = FALSE
	EndGlobalSection
EndGlobal
